
Microsoft Visual Studio Solution File, Format Version 12.00
# Visual Studio 15
Project("{FAE04EC0-301F-11D3-BF4B-00C04F79EFBC}") = "dogChallege", "dogChallege\dogChallege.csproj", "{3F90700E-C362-4B2B-9691-CF74CF6C3229}"
EndProject
Global
	GlobalSection(SolutionConfigurationPlatforms) = preSolution
		Debug|Any CPU = Debug|Any CPU
		Release|Any CPU = Release|Any CPU
	EndGlobalSection
	GlobalSection(ProjectConfigurationPlatforms) = postSolution
		{3F90700E-C362-4B2B-9691-CF74CF6C3229}.Debug|Any CPU.ActiveCfg = Debug|Any CPU
		{3F90700E-C362-4B2B-9691-CF74CF6C3229}.Debug|Any CPU.Build.0 = Debug|Any CPU
		{3F90700E-C362-4B2B-9691-CF74CF6C3229}.Release|Any CPU.ActiveCfg = Release|Any CPU
		{3F90700E-C362-4B2B-9691-CF74CF6C3229}.Release|Any CPU.Build.0 = Release|Any CPU
	EndGlobalSection
EndGlobal
